PODS:
  - Expecta (1.0.6)
  - ReactiveCocoa (6.0.2):
    - ReactiveSwift (~> 2.0)
  - ReactiveSwift (2.0.1):
    - Result (~> 3.2)
  - Result (3.2.4)
  - Specta (1.0.7)
  - TestSpecs (0.1.0):
    - ReactiveCocoa
  - TestSpecs/Tests (0.1.0):
    - Expecta
    - ReactiveCocoa
    - Specta

DEPENDENCIES:
  - TestSpecs (from `../`)
  - TestSpecs/Tests (from `../`)

EXTERNAL SOURCES:
  TestSpecs:
    :path: ../

SPEC CHECKSUMS:
  Expecta: 3b6bd90a64b9a1dcb0b70aa0e10a7f8f631667d5
  ReactiveCocoa: 9dcbd8275374f35a6e5fcce01a93b860a7b92c44
  ReactiveSwift: 60a29ff35988a964fd2bb759755cb6594de523fc
  Result: d2d07204ce72856f1fd9130bbe42c35a7b0fea10
  Specta: 3e1bd89c3517421982dc4d1c992503e48bd5fe66
  TestSpecs: 5b52d5bd81a32cbc3ef885fcbdb53556555cc8de

PODFILE CHECKSUM: fac329b46fd70604be2e4d8d87d545f77913423b

COCOAPODS: 1.3.1
